// !$*UTF8*$!
{
	archiveVersion = 1;
	classes = {
	};
	objectVersion = 50;
	objects = {

/* Begin PBXBuildFile section */
		4F46798123D6C17600DFD54B /* AppDelegate.swift in Sources */ = {isa = PBXBuildFile; fileRef = 4F46798023D6C17600DFD54B /* AppDelegate.swift */; };
		4F46798323D6C17600DFD54B /* SceneDelegate.swift in Sources */ = {isa = PBXBuildFile; fileRef = 4F46798223D6C17600DFD54B /* SceneDelegate.swift */; };
		4F46798523D6C17600DFD54B /* ViewController.swift in Sources */ = {isa = PBXBuildFile; fileRef = 4F46798423D6C17600DFD54B /* ViewController.swift */; };
		4F46798823D6C17600DFD54B /* Main.storyboard in Resources */ = {isa = PBXBuildFile; fileRef = 4F46798623D6C17600DFD54B /* Main.storyboard */; };
		4F46798A23D6C17700DFD54B /* Assets.xcassets in Resources */ = {isa = PBXBuildFile; fileRef = 4F46798923D6C17700DFD54B /* Assets.xcassets */; };
		4F46798D23D6C17700DFD54B /* LaunchScreen.storyboard in Resources */ = {isa = PBXBuildFile; fileRef = 4F46798B23D6C17700DFD54B /* LaunchScreen.storyboard */; };
		4F46799823D6C17800DFD54B /* tipcalcTests.swift in Sources */ = {isa = PBXBuildFile; fileRef = 4F46799723D6C17800DFD54B /* tipcalcTests.swift */; };
		4F4679A323D6C17800DFD54B /* tipcalcUITests.swift in Sources */ = {isa = PBXBuildFile; fileRef = 4F4679A223D6C17800DFD54B /* tipcalcUITests.swift */; };
/* End PBXBuildFile section */

/* Begin PBXContainerItemProxy section */
		4F46799423D6C17800DFD54B /* PBXContainerItemProxy */ = {
			isa = PBXContainerItemProxy;
			containerPortal = 4F46797523D6C17600DFD54B /* Project object */;
			proxyType = 1;
			remoteGlobalIDString = 4F46797C23D6C17600DFD54B;
			remoteInfo = tipcalc;
		};
		4F46799F23D6C17800DFD54B /* PBXContainerItemProxy */ = {
			isa = PBXContainerItemProxy;
			containerPortal = 4F46797523D6C17600DFD54B /* Project object */;
			proxyType = 1;
			remoteGlobalIDString = 4F46797C23D6C17600DFD54B;
			remoteInfo = tipcalc;
		};
/* End PBXContainerItemProxy section */

/* Begin PBXFileReference section */
		4F46797D23D6C17600DFD54B /* tipcalc.app */ = {isa = PBXFileReference; explicitFileType = wrapper.application; includeInIndex = 0; path = tipcalc.app; sourceTree = BUILT_PRODUCTS_DIR; };
		4F46798023D6C17600DFD54B /* AppDelegate.swift */ = {isa = PBXFileReference; lastKnownFileType = sourcecode.swift; path = AppDelegate.swift; sourceTree = "<group>"; };
		4F46798223D6C17600DFD54B /* SceneDelegate.swift */ = {isa = PBXFileReference; lastKnownFileType = sourcecode.swift; path = SceneDelegate.swift; sourceTree = "<group>"; };
		4F46798423D6C17600DFD54B /* ViewController.swift */ = {isa = PBXFileReference; lastKnownFileType = sourcecode.swift; path = ViewController.swift; sourceTree = "<group>"; };
		4F46798723D6C17600DFD54B /* Base */ = {isa = PBXFileReference; lastKnownFileType = file.storyboard; name = Base; path = Base.lproj/Main.storyboard; sourceTree = "<group>"; };
		4F46798923D6C17700DFD54B /* Assets.xcassets */ = {isa = PBXFileReference; lastKnownFileType = folder.assetcatalog; path = Assets.xcassets; sourceTree = "<group>"; };
		4F46798C23D6C17700DFD54B /* Base */ = {isa = PBXFileReference; lastKnownFileType = file.storyboard; name = Base; path = Base.lproj/LaunchScreen.storyboard; sourceTree = "<group>"; };
		4F46798E23D6C17700DFD54B /* Info.plist */ = {isa = PBXFileReference; lastKnownFileType = text.plist.xml; path = Info.plist; sourceTree = "<group>"; };
		4F46799323D6C17800DFD54B /* tipcalcTests.xctest */ = {isa = PBXFileReference; explicitFileType = wrapper.cfbundle; includeInIndex = 0; path = tipcalcTests.xctest; sourceTree = BUILT_PRODUCTS_DIR; };
		4F46799723D6C17800DFD54B /* tipcalcTests.swift */ = {isa = PBXFileReference; lastKnownFileType = sourcecode.swift; path = tipcalcTests.swift; sourceTree = "<group>"; };
		4F46799923D6C17800DFD54B /* Info.plist */ = {isa = PBXFileReference; lastKnownFileType = text.plist.xml; path = Info.plist; sourceTree = "<group>"; };
		4F46799E23D6C17800DFD54B /* tipcalcUITests.xctest */ = {isa = PBXFileReference; explicitFileType = wrapper.cfbundle; includeInIndex = 0; path = tipcalcUITests.xctest; sourceTree = BUILT_PRODUCTS_DIR; };
		4F4679A223D6C17800DFD54B /* tipcalcUITests.swift */ = {isa = PBXFileReference; lastKnownFileType = sourcecode.swift; path = tipcalcUITests.swift; sourceTree = "<group>"; };
		4F4679A423D6C17800DFD54B /* Info.plist */ = {isa = PBXFileReference; lastKnownFileType = text.plist.xml; path = Info.plist; sourceTree = "<group>"; };
/* End PBXFileReference section */

/* Begin PBXFrameworksBuildPhase section */
		4F46797A23D6C17600DFD54B /* Frameworks */ = {
			isa = PBXFrameworksBuildPhase;
			buildActionMask = 2147483647;
			files = (
			);
			runOnlyForDeploymentPostprocessing = 0;
		};
		4F46799023D6C17800DFD54B /* Frameworks */ = {
			isa = PBXFrameworksBuildPhase;
			buildActionMask = 2147483647;
			files = (
			);
			runOnlyForDeploymentPostprocessing = 0;
		};
		4F46799B23D6C17800DFD54B /* Frameworks */ = {
			isa = PBXFrameworksBuildPhase;
			buildActionMask = 2147483647;
			files = (
			);
			runOnlyForDeploymentPostprocessing = 0;
		};
/* End PBXFrameworksBuildPhase section */

/* Begin PBXGroup section */
		4F46797423D6C17600DFD54B = {
			isa = PBXGroup;
			children = (
				4F46797F23D6C17600DFD54B /* tipcalc */,
				4F46799623D6C17800DFD54B /* tipcalcTests */,
				4F4679A123D6C17800DFD54B /* tipcalcUITests */,
				4F46797E23D6C17600DFD54B /* Products */,
			);
			sourceTree = "<group>";
		};
		4F46797E23D6C17600DFD54B /* Products */ = {
			isa = PBXGroup;
			children = (
				4F46797D23D6C17600DFD54B /* tipcalc.app */,
				4F46799323D6C17800DFD54B /* tipcalcTests.xctest */,
				4F46799E23D6C17800DFD54B /* tipcalcUITests.xctest */,
			);
			name = Products;
			sourceTree = "<group>";
		};
		4F46797F23D6C17600DFD54B /* tipcalc */ = {
			isa = PBXGroup;
			children = (
				4F46798023D6C17600DFD54B /* AppDelegate.swift */,
				4F46798223D6C17600DFD54B /* SceneDelegate.swift */,
				4F46798423D6C17600DFD54B /* ViewController.swift */,
				4F46798623D6C17600DFD54B /* Main.storyboard */,
				4F46798923D6C17700DFD54B /* Assets.xcassets */,
				4F46798B23D6C17700DFD54B /* LaunchScreen.storyboard */,
				4F46798E23D6C17700DFD54B /* Info.plist */,
			);
			path = tipcalc;
			sourceTree = "<group>";
		};
		4F46799623D6C17800DFD54B /* tipcalcTests */ = {
			isa = PBXGroup;
			children = (
				4F46799723D6C17800DFD54B /* tipcalcTests.swift */,
				4F46799923D6C17800DFD54B /* Info.plist */,
			);
			path = tipcalcTests;
			sourceTree = "<group>";
		};
		4F4679A123D6C17800DFD54B /* tipcalcUITests */ = {
			isa = PBXGroup;
			children = (
				4F4679A223D6C17800DFD54B /* tipcalcUITests.swift */,
				4F4679A423D6C17800DFD54B /* Info.plist */,
			);
			path = tipcalcUITests;
			sourceTree = "<group>";
		};
/* End PBXGroup section */

/* Begin PBXNativeTarget section */
		4F46797C23D6C17600DFD54B /* tipcalc */ = {
			isa = PBXNativeTarget;
			buildConfigurationList = 4F4679A723D6C17800DFD54B /* Build configuration list for PBXNativeTarget "tipcalc" */;
			buildPhases = (
				4F46797923D6C17600DFD54B /* Sources */,
				4F46797A23D6C17600DFD54B /* Frameworks */,
				4F46797B23D6C17600DFD54B /* Resources */,
			);
			buildRules = (
			);
			dependencies = (
			);
			name = tipcalc;
			productName = tipcalc;
			productReference = 4F46797D23D6C17600DFD54B /* tipcalc.app */;
			productType = "com.apple.product-type.application";
		};
		4F46799223D6C17800DFD54B /* tipcalcTests */ = {
			isa = PBXNativeTarget;
			buildConfigurationList = 4F4679AA23D6C17800DFD54B /* Build configuration list for PBXNativeTarget "tipcalcTests" */;
			buildPhases = (
				4F46798F23D6C17800DFD54B /* Sources */,
				4F46799023D6C17800DFD54B /* Frameworks */,
				4F46799123D6C17800DFD54B /* Resources */,
			);
			buildRules = (
			);
			dependencies = (
				4F46799523D6C17800DFD54B /* PBXTargetDependency */,
			);
			name = tipcalcTests;
			productName = tipcalcTests;
			productReference = 4F46799323D6C17800DFD54B /* tipcalcTests.xctest */;
			productType = "com.apple.product-type.bundle.unit-test";
		};
		4F46799D23D6C17800DFD54B /* tipcalcUITests */ = {
			isa = PBXNativeTarget;
			buildConfigurationList = 4F4679AD23D6C17800DFD54B /* Build configuration list for PBXNativeTarget "tipcalcUITests" */;
			buildPhases = (
				4F46799A23D6C17800DFD54B /* Sources */,
				4F46799B23D6C17800DFD54B /* Frameworks */,
				4F46799C23D6C17800DFD54B /* Resources */,
			);
			buildRules = (
			);
			dependencies = (
				4F4679A023D6C17800DFD54B /* PBXTargetDependency */,
			);
			name = tipcalcUITests;
			productName = tipcalcUITests;
			productReference = 4F46799E23D6C17800DFD54B /* tipcalcUITests.xctest */;
			productType = "com.apple.product-type.bundle.ui-testing";
		};
/* End PBXNativeTarget section */

/* Begin PBXProject section */
		4F46797523D6C17600DFD54B /* Project object */ = {
			isa = PBXProject;
			attributes = {
				LastSwiftUpdateCheck = 1130;
				LastUpgradeCheck = 1130;
				ORGANIZATIONNAME = ericw;
				TargetAttributes = {
					4F46797C23D6C17600DFD54B = {
						CreatedOnToolsVersion = 11.3;
					};
					4F46799223D6C17800DFD54B = {
						CreatedOnToolsVersion = 11.3;
						TestTargetID = 4F46797C23D6C17600DFD54B;
					};
					4F46799D23D6C17800DFD54B = {
						CreatedOnToolsVersion = 11.3;
						TestTargetID = 4F46797C23D6C17600DFD54B;
					};
				};
			};
			buildConfigurationList = 4F46797823D6C17600DFD54B /* Build configuration list for PBXProject "tipcalc" */;
			compatibilityVersion = "Xcode 9.3";
			developmentRegion = en;
			hasScannedForEncodings = 0;
			knownRegions = (
				en,
				Base,
			);
			mainGroup = 4F46797423D6C17600DFD54B;
			productRefGroup = 4F46797E23D6C17600DFD54B /* Products */;
			projectDirPath = "";
			projectRoot = "";
			targets = (
				4F46797C23D6C17600DFD54B /* tipcalc */,
				4F46799223D6C17800DFD54B /* tipcalcTests */,
				4F46799D23D6C17800DFD54B /* tipcalcUITests */,
			);
		};
/* End PBXProject section */

/* Begin PBXResourcesBuildPhase section */
		4F46797B23D6C17600DFD54B /* Resources */ = {
			isa = PBXResourcesBuildPhase;
			buildActionMask = 2147483647;
			files = (
				4F46798D23D6C17700DFD54B /* LaunchScreen.storyboard in Resources */,
				4F46798A23D6C17700DFD54B /* Assets.xcassets in Resources */,
				4F46798823D6C17600DFD54B /* Main.storyboard in Resources */,
			);
			runOnlyForDeploymentPostprocessing = 0;
		};
		4F46799123D6C17800DFD54B /* Resources */ = {
			isa = PBXResourcesBuildPhase;
			buildActionMask = 2147483647;
			files = (
			);
			runOnlyForDeploymentPostprocessing = 0;
		};
		4F46799C23D6C17800DFD54B /* Resources */ = {
			isa = PBXResourcesBuildPhase;
			buildActionMask = 2147483647;
			files = (
			);
			runOnlyForDeploymentPostprocessing = 0;
		};
/* End PBXResourcesBuildPhase section */

/* Begin PBXSourcesBuildPhase section */
		4F46797923D6C17600DFD54B /* Sources */ = {
			isa = PBXSourcesBuildPhase;
			buildActionMask = 2147483647;
			files = (
				4F46798523D6C17600DFD54B /* ViewController.swift in Sources */,
				4F46798123D6C17600DFD54B /* AppDelegate.swift in Sources */,
				4F46798323D6C17600DFD54B /* SceneDelegate.swift in Sources */,
			);
			runOnlyForDeploymentPostprocessing = 0;
		};
		4F46798F23D6C17800DFD54B /* Sources */ = {
			isa = PBXSourcesBuildPhase;
			buildActionMask = 2147483647;
			files = (
				4F46799823D6C17800DFD54B /* tipcalcTests.swift in Sources */,
			);
			runOnlyForDeploymentPostprocessing = 0;
		};
		4F46799A23D6C17800DFD54B /* Sources */ = {
			isa = PBXSourcesBuildPhase;
			buildActionMask = 2147483647;
			files = (
				4F4679A323D6C17800DFD54B /* tipcalcUITests.swift in Sources */,
			);
			runOnlyForDeploymentPostprocessing = 0;
		};
/* End PBXSourcesBuildPhase section */

/* Begin PBXTargetDependency section */
		4F46799523D6C17800DFD54B /* PBXTargetDependency */ = {
			isa = PBXTargetDependency;
			target = 4F46797C23D6C17600DFD54B /* tipcalc */;
			targetProxy = 4F46799423D6C17800DFD54B /* PBXContainerItemProxy */;
		};
		4F4679A023D6C17800DFD54B /* PBXTargetDependency */ = {
			isa = PBXTargetDependency;
			target = 4F46797C23D6C17600DFD54B /* tipcalc */;
			targetProxy = 4F46799F23D6C17800DFD54B /* PBXContainerItemProxy */;
		};
/* End PBXTargetDependency section */

/* Begin PBXVariantGroup section */
		4F46798623D6C17600DFD54B /* Main.storyboard */ = {
			isa = PBXVariantGroup;
			children = (
				4F46798723D6C17600DFD54B /* Base */,
			);
			name = Main.storyboard;
			sourceTree = "<group>";
		};
		4F46798B23D6C17700DFD54B /* LaunchScreen.storyboard */ = {
			isa = PBXVariantGroup;
			children = (
				4F46798C23D6C17700DFD54B /* Base */,
			);
			name = LaunchScreen.storyboard;
			sourceTree = "<group>";
		};
/* End PBXVariantGroup section */

/* Begin XCBuildConfiguration section */
		4F4679A523D6C17800DFD54B /* Debug */ = {
			isa = XCBuildConfiguration;
			buildSettings = {
				ALWAYS_SEARCH_USER_PATHS = NO;
				CLANG_ANALYZER_NONNULL = YES;
				CLANG_ANALYZER_NUMBER_OBJECT_CONVERSION = YES_AGGRESSIVE;
				CLANG_CXX_LANGUAGE_STANDARD = "gnu++14";
				CLANG_CXX_LIBRARY = "libc++";
				CLANG_ENABLE_MODULES = YES;
				CLANG_ENABLE_OBJC_ARC = YES;
				CLANG_ENABLE_OBJC_WEAK = YES;
				CLANG_WARN_BLOCK_CAPTURE_AUTORELEASING = YES;
				CLANG_WARN_BOOL_CONVERSION = YES;
				CLANG_WARN_COMMA = YES;
				CLANG_WARN_CONSTANT_CONVERSION = YES;
				CLANG_WARN_DEPRECATED_OBJC_IMPLEMENTATIONS = YES;
				CLANG_WARN_DIRECT_OBJC_ISA_USAGE = YES_ERROR;
				CLANG_WARN_DOCUMENTATION_COMMENTS = YES;
				CLANG_WARN_EMPTY_BODY = YES;
				CLANG_WARN_ENUM_CONVERSION = YES;
				CLANG_WARN_INFINITE_RECURSION = YES;
				CLANG_WARN_INT_CONVERSION = YES;
				CLANG_WARN_NON_LITERAL_NULL_CONVERSION = YES;
				CLANG_WARN_OBJC_IMPLICIT_RETAIN_SELF = YES;
				CLANG_WARN_OBJC_LITERAL_CONVERSION = YES;
				CLANG_WARN_OBJC_ROOT_CLASS = YES_ERROR;
				CLANG_WARN_RANGE_LOOP_ANALYSIS = YES;
				CLANG_WARN_STRICT_PROTOTYPES = YES;
				CLANG_WARN_SUSPICIOUS_MOVE = YES;
				CLANG_WARN_UNGUARDED_AVAILABILITY = YES_AGGRESSIVE;
				CLANG_WARN_UNREACHABLE_CODE = YES;
				CLANG_WARN__DUPLICATE_METHOD_MATCH = YES;
				COPY_PHASE_STRIP = NO;
				DEBUG_INFORMATION_FORMAT = dwarf;
				ENABLE_STRICT_OBJC_MSGSEND = YES;
				ENABLE_TESTABILITY = YES;
				GCC_C_LANGUAGE_STANDARD = gnu11;
				GCC_DYNAMIC_NO_PIC = NO;
				GCC_NO_COMMON_BLOCKS = YES;
				GCC_OPTIMIZATION_LEVEL = 0;
				GCC_PREPROCESSOR_DEFINITIONS = (
					"DEBUG=1",
					"$(inherited)",
				);
				GCC_WARN_64_TO_32_BIT_CONVERSION = YES;
				GCC_WARN_ABOUT_RETURN_TYPE = YES_ERROR;
				GCC_WARN_UNDECLARED_SELECTOR = YES;
				GCC_WARN_UNINITIALIZED_AUTOS = YES_AGGRESSIVE;
				GCC_WARN_UNUSED_FUNCTION = YES;
				GCC_WARN_UNUSED_VARIABLE = YES;
				IPHONEOS_DEPLOYMENT_TARGET = 13.2;
				MTL_ENABLE_DEBUG_INFO = INCLUDE_SOURCE;
				MTL_FAST_MATH = YES;
				ONLY_ACTIVE_ARCH = YES;
				SDKROOT = iphoneos;
				SWIFT_ACTIVE_COMPILATION_CONDITIONS = DEBUG;
				SWIFT_OPTIMIZATION_LEVEL = "-Onone";
			};
			name = Debug;
		};
		4F4679A623D6C17800DFD54B /* Release */ = {
			isa = XCBuildConfiguration;
			buildSettings = {
				ALWAYS_SEARCH_USER_PATHS = NO;
				CLANG_ANALYZER_NONNULL = YES;
				CLANG_ANALYZER_NUMBER_OBJECT_CONVERSION = YES_AGGRESSIVE;
				CLANG_CXX_LANGUAGE_STANDARD = "gnu++14";
				CLANG_CXX_LIBRARY = "libc++";
				CLANG_ENABLE_MODULES = YES;
				CLANG_ENABLE_OBJC_ARC = YES;
				CLANG_ENABLE_OBJC_WEAK = YES;
				CLANG_WARN_BLOCK_CAPTURE_AUTORELEASING = YES;
				CLANG_WARN_BOOL_CONVERSION = YES;
				CLANG_WARN_COMMA = YES;
				CLANG_WARN_CONSTANT_CONVERSION = YES;
				CLANG_WARN_DEPRECATED_OBJC_IMPLEMENTATIONS = YES;
				CLANG_WARN_DIRECT_OBJC_ISA_USAGE = YES_ERROR;
				CLANG_WARN_DOCUMENTATION_COMMENTS = YES;
				CLANG_WARN_EMPTY_BODY = YES;
				CLANG_WARN_ENUM_CONVERSION = YES;
				CLANG_WARN_INFINITE_RECURSION = YES;
				CLANG_WARN_INT_CONVERSION = YES;
				CLANG_WARN_NON_LITERAL_NULL_CONVERSION = YES;
				CLANG_WARN_OBJC_IMPLICIT_RETAIN_SELF = YES;
				CLANG_WARN_OBJC_LITERAL_CONVERSION = YES;
				CLANG_WARN_OBJC_ROOT_CLASS = YES_ERROR;
				CLANG_WARN_RANGE_LOOP_ANALYSIS = YES;
				CLANG_WARN_STRICT_PROTOTYPES = YES;
				CLANG_WARN_SUSPICIOUS_MOVE = YES;
				CLANG_WARN_UNGUARDED_AVAILABILITY = YES_AGGRESSIVE;
				CLANG_WARN_UNREACHABLE_CODE = YES;
				CLANG_WARN__DUPLICATE_METHOD_MATCH = YES;
				COPY_PHASE_STRIP = NO;
				DEBUG_INFORMATION_FORMAT = "dwarf-with-dsym";
				ENABLE_NS_ASSERTIONS = NO;
				ENABLE_STRICT_OBJC_MSGSEND = YES;
				GCC_C_LANGUAGE_STANDARD = gnu11;
				GCC_NO_COMMON_BLOCKS = YES;
				GCC_WARN_64_TO_32_BIT_CONVERSION = YES;
				GCC_WARN_ABOUT_RETURN_TYPE = YES_ERROR;
				GCC_WARN_UNDECLARED_SELECTOR = YES;
				GCC_WARN_UNINITIALIZED_AUTOS = YES_AGGRESSIVE;
				GCC_WARN_UNUSED_FUNCTION = YES;
				GCC_WARN_UNUSED_VARIABLE = YES;
				IPHONEOS_DEPLOYMENT_TARGET = 13.2;
				MTL_ENABLE_DEBUG_INFO = NO;
				MTL_FAST_MATH = YES;
				SDKROOT = iphoneos;
				SWIFT_COMPILATION_MODE = wholemodule;
				SWIFT_OPTIMIZATION_LEVEL = "-O";
				VALIDATE_PRODUCT = YES;
			};
			name = Release;
		};
		4F4679A823D6C17800DFD54B /* Debug */ = {
			isa = XCBuildConfiguration;
			buildSettings = {
				ASSETCATALOG_COMPILER_APPICON_NAME = AppIcon;
				CODE_SIGN_STYLE = Automatic;
				INFOPLIST_FILE = tipcalc/Info.plist;
				LD_RUNPATH_SEARCH_PATHS = (
					"$(inherited)",
					"@executable_path/Frameworks",
				);
				PRODUCT_BUNDLE_IDENTIFIER = com.ericwang.tipcalc;
				PRODUCT_NAME = "$(TARGET_NAME)";
				SWIFT_VERSION = 5.0;
				TARGETED_DEVICE_FAMILY = "1,2";
			};
			name = Debug;
		};
		4F4679A923D6C17800DFD54B /* Release */ = {
			isa = XCBuildConfiguration;
			buildSettings = {
				ASSETCATALOG_COMPILER_APPICON_NAME = AppIcon;
				CODE_SIGN_STYLE = Automatic;
				INFOPLIST_FILE = tipcalc/Info.plist;
				LD_RUNPATH_SEARCH_PATHS = (
					"$(inherited)",
					"@executable_path/Frameworks",
				);
				PRODUCT_BUNDLE_IDENTIFIER = com.ericwang.tipcalc;
				PRODUCT_NAME = "$(TARGET_NAME)";
				SWIFT_VERSION = 5.0;
				TARGETED_DEVICE_FAMILY = "1,2";
			};
			name = Release;
		};
		4F4679AB23D6C17800DFD54B /* Debug */ = {
			isa = XCBuildConfiguration;
			buildSettings = {
				ALWAYS_EMBED_SWIFT_STANDARD_LIBRARIES = YES;
				BUNDLE_LOADER = "$(TEST_HOST)";
				CODE_SIGN_STYLE = Automatic;
				INFOPLIST_FILE = tipcalcTests/Info.plist;
				IPHONEOS_DEPLOYMENT_TARGET = 13.2;
				LD_RUNPATH_SEARCH_PATHS = (
					"$(inherited)",
					"@executable_path/Frameworks",
					"@loader_path/Frameworks",
				);
				PRODUCT_BUNDLE_IDENTIFIER = com.ericwang.tipcalcTests;
				PRODUCT_NAME = "$(TARGET_NAME)";
				SWIFT_VERSION = 5.0;
				TARGETED_DEVICE_FAMILY = "1,2";
				TEST_HOST = "$(BUILT_PRODUCTS_DIR)/tipcalc.app/tipcalc";
			};
			name = Debug;
		};
		4F4679AC23D6C17800DFD54B /* Release */ = {
			isa = XCBuildConfiguration;
			buildSettings = {
				ALWAYS_EMBED_SWIFT_STANDARD_LIBRARIES = YES;
				BUNDLE_LOADER = "$(TEST_HOST)";
				CODE_SIGN_STYLE = Automatic;
				INFOPLIST_FILE = tipcalcTests/Info.plist;
				IPHONEOS_DEPLOYMENT_TARGET = 13.2;
				LD_RUNPATH_SEARCH_PATHS = (
					"$(inherited)",
					"@executable_path/Frameworks",
					"@loader_path/Frameworks",
				);
				PRODUCT_BUNDLE_IDENTIFIER = com.ericwang.tipcalcTests;
				PRODUCT_NAME = "$(TARGET_NAME)";
				SWIFT_VERSION = 5.0;
				TARGETED_DEVICE_FAMILY = "1,2";
				TEST_HOST = "$(BUILT_PRODUCTS_DIR)/tipcalc.app/tipcalc";
			};
			name = Release;
		};
		4F4679AE23D6C17800DFD54B /* Debug */ = {
			isa = XCBuildConfiguration;
			buildSettings = {
				ALWAYS_EMBED_SWIFT_STANDARD_LIBRARIES = YES;
				CODE_SIGN_STYLE = Automatic;
				INFOPLIST_FILE = tipcalcUITests/Info.plist;
				LD_RUNPATH_SEARCH_PATHS = (
					"$(inherited)",
					"@executable_path/Frameworks",
					"@loader_path/Frameworks",
				);
				PRODUCT_BUNDLE_IDENTIFIER = com.ericwang.tipcalcUITests;
				PRODUCT_NAME = "$(TARGET_NAME)";
				SWIFT_VERSION = 5.0;
				TARGETED_DEVICE_FAMILY = "1,2";
				TEST_TARGET_NAME = tipcalc;
			};
			name = Debug;
		};
		4F4679AF23D6C17800DFD54B /* Release */ = {
			isa = XCBuildConfiguration;
			buildSettings = {
				ALWAYS_EMBED_SWIFT_STANDARD_LIBRARIES = YES;
				CODE_SIGN_STYLE = Automatic;
				INFOPLIST_FILE = tipcalcUITests/Info.plist;
				LD_RUNPATH_SEARCH_PATHS = (
					"$(inherited)",
					"@executable_path/Frameworks",
					"@loader_path/Frameworks",
				);
				PRODUCT_BUNDLE_IDENTIFIER = com.ericwang.tipcalcUITests;
				PRODUCT_NAME = "$(TARGET_NAME)";
				SWIFT_VERSION = 5.0;
				TARGETED_DEVICE_FAMILY = "1,2";
				TEST_TARGET_NAME = tipcalc;
			};
			name = Release;
		};
/* End XCBuildConfiguration section */

/* Begin XCConfigurationList section */
		4F46797823D6C17600DFD54B /* Build configuration list for PBXProject "tipcalc" */ = {
			isa = XCConfigurationList;
			buildConfigurations = (
				4F4679A523D6C17800DFD54B /* Debug */,
				4F4679A623D6C17800DFD54B /* Release */,
			);
			defaultConfigurationIsVisible = 0;
			defaultConfigurationName = Release;
		};
		4F4679A723D6C17800DFD54B /* Build configuration list for PBXNativeTarget "tipcalc" */ = {
			isa = XCConfigurationList;
			buildConfigurations = (
				4F4679A823D6C17800DFD54B /* Debug */,
				4F4679A923D6C17800DFD54B /* Release */,
			);
			defaultConfigurationIsVisible = 0;
			defaultConfigurationName = Release;
		};
		4F4679AA23D6C17800DFD54B /* Build configuration list for PBXNativeTarget "tipcalcTests" */ = {
			isa = XCConfigurationList;
			buildConfigurations = (
				4F4679AB23D6C17800DFD54B /* Debug */,
				4F4679AC23D6C17800DFD54B /* Release */,
			);
			defaultConfigurationIsVisible = 0;
			defaultConfigurationName = Release;
		};
		4F4679AD23D6C17800DFD54B /* Build configuration list for PBXNativeTarget "tipcalcUITests" */ = {
			isa = XCConfigurationList;
			buildConfigurations = (
				4F4679AE23D6C17800DFD54B /* Debug */,
				4F4679AF23D6C17800DFD54B /* Release */,
			);
			defaultConfigurationIsVisible = 0;
			defaultConfigurationName = Release;
		};
/* End XCConfigurationList section */
	};
	rootObject = 4F46797523D6C17600DFD54B /* Project object */;
}
